
Microsoft Visual Studio Solution File, Format Version 12.00
# Visual Studio Version 16
VisualStudioVersion = 16.0.30717.126
MinimumVisualStudioVersion = 10.0.40219.1
Project("{FAE04EC0-301F-11D3-BF4B-00C04F79EFBC}") = "I4GUI2020VintereksamenWpfApp", "I4GUI2020VintereksamenWpfApp\I4GUI2020VintereksamenWpfApp.csproj", "{98DC3AB4-B594-42E2-8376-2DAE05B22FEE}"
EndProject
Global
	GlobalSection(SolutionConfigurationPlatforms) = preSolution
		Debug|Any CPU = Debug|Any CPU
		Release|Any CPU = Release|Any CPU
	EndGlobalSection
	GlobalSection(ProjectConfigurationPlatforms) = postSolution
		{98DC3AB4-B594-42E2-8376-2DAE05B22FEE}.Debug|Any CPU.ActiveCfg = Debug|Any CPU
		{98DC3AB4-B594-42E2-8376-2DAE05B22FEE}.Debug|Any CPU.Build.0 = Debug|Any CPU
		{98DC3AB4-B594-42E2-8376-2DAE05B22FEE}.Release|Any CPU.ActiveCfg = Release|Any CPU
		{98DC3AB4-B594-42E2-8376-2DAE05B22FEE}.Release|Any CPU.Build.0 = Release|Any CPU
	EndGlobalSection
	GlobalSection(SolutionProperties) = preSolution
		HideSolutionNode = FALSE
	EndGlobalSection
	GlobalSection(ExtensibilityGlobals) = postSolution
		SolutionGuid = {6E532B39-AE3D-4B89-9793-DF543486E14C}
	EndGlobalSection
EndGlobal
