
Microsoft Visual Studio Solution File, Format Version 12.00
# Visual Studio Version 16
VisualStudioVersion = 16.0.30717.126
MinimumVisualStudioVersion = 10.0.40219.1
Project("{FAE04EC0-301F-11D3-BF4B-00C04F79EFBC}") = "I4GUI2020Vintereksamen", "I4GUI2020Vintereksamen\I4GUI2020Vintereksamen.csproj", "{F504AEB3-04F8-41DC-B42D-EAADB689E698}"
EndProject
Global
	GlobalSection(SolutionConfigurationPlatforms) = preSolution
		Debug|Any CPU = Debug|Any CPU
		Release|Any CPU = Release|Any CPU
	EndGlobalSection
	GlobalSection(ProjectConfigurationPlatforms) = postSolution
		{F504AEB3-04F8-41DC-B42D-EAADB689E698}.Debug|Any CPU.ActiveCfg = Debug|Any CPU
		{F504AEB3-04F8-41DC-B42D-EAADB689E698}.Debug|Any CPU.Build.0 = Debug|Any CPU
		{F504AEB3-04F8-41DC-B42D-EAADB689E698}.Release|Any CPU.ActiveCfg = Release|Any CPU
		{F504AEB3-04F8-41DC-B42D-EAADB689E698}.Release|Any CPU.Build.0 = Release|Any CPU
	EndGlobalSection
	GlobalSection(SolutionProperties) = preSolution
		HideSolutionNode = FALSE
	EndGlobalSection
	GlobalSection(ExtensibilityGlobals) = postSolution
		SolutionGuid = {B057E1CE-A142-406C-842E-578A037CAA29}
	EndGlobalSection
EndGlobal
