
Microsoft Visual Studio Solution File, Format Version 12.00
# Visual Studio Version 16
VisualStudioVersion = 16.0.30621.155
MinimumVisualStudioVersion = 10.0.40219.1
Project("{FAE04EC0-301F-11D3-BF4B-00C04F79EFBC}") = "TheHotel", "TheHotel\TheHotel.csproj", "{5B3E2A3E-B571-4791-AA0E-90640FCE79CF}"
EndProject
Global
	GlobalSection(SolutionConfigurationPlatforms) = preSolution
		Debug|Any CPU = Debug|Any CPU
		Release|Any CPU = Release|Any CPU
	EndGlobalSection
	GlobalSection(ProjectConfigurationPlatforms) = postSolution
		{5B3E2A3E-B571-4791-AA0E-90640FCE79CF}.Debug|Any CPU.ActiveCfg = Debug|Any CPU
		{5B3E2A3E-B571-4791-AA0E-90640FCE79CF}.Debug|Any CPU.Build.0 = Debug|Any CPU
		{5B3E2A3E-B571-4791-AA0E-90640FCE79CF}.Release|Any CPU.ActiveCfg = Release|Any CPU
		{5B3E2A3E-B571-4791-AA0E-90640FCE79CF}.Release|Any CPU.Build.0 = Release|Any CPU
	EndGlobalSection
	GlobalSection(SolutionProperties) = preSolution
		HideSolutionNode = FALSE
	EndGlobalSection
	GlobalSection(ExtensibilityGlobals) = postSolution
		SolutionGuid = {C9DE926A-1DE1-42ED-8A04-4CC671EB41CD}
	EndGlobalSection
EndGlobal
